// !$*UTF8*$!
{
	archiveVersion = 1;
	classes = {
	};
	objectVersion = 50;
	objects = {

/* Begin PBXBuildFile section */
		FDB5F41F2463EB43008709AE /* AppDelegate.swift in Sources */ = {isa = PBXBuildFile; fileRef = FDB5F41E2463EB42008709AE /* AppDelegate.swift */; };
		FDB5F4212463EB43008709AE /* SceneDelegate.swift in Sources */ = {isa = PBXBuildFile; fileRef = FDB5F4202463EB43008709AE /* SceneDelegate.swift */; };
		FDB5F4232463EB43008709AE /* ContentView.swift in Sources */ = {isa = PBXBuildFile; fileRef = FDB5F4222463EB43008709AE /* ContentView.swift */; };
		FDB5F4252463EB49008709AE /* Assets.xcassets in Resources */ = {isa = PBXBuildFile; fileRef = FDB5F4242463EB49008709AE /* Assets.xcassets */; };
		FDB5F4282463EB49008709AE /* Preview Assets.xcassets in Resources */ = {isa = PBXBuildFile; fileRef = FDB5F4272463EB49008709AE /* Preview Assets.xcassets */; };
		FDB5F42B2463EB49008709AE /* LaunchScreen.storyboard in Resources */ = {isa = PBXBuildFile; fileRef = FDB5F4292463EB49008709AE /* LaunchScreen.storyboard */; };
		FDB5F43324654640008709AE /* Section2.swift in Sources */ = {isa = PBXBuildFile; fileRef = FDB5F43224654640008709AE /* Section2.swift */; };
/* End PBXBuildFile section */

/* Begin PBXFileReference section */
		FDB5F41B2463EB42008709AE /* SwiftUITextbookChapter5.app */ = {isa = PBXFileReference; explicitFileType = wrapper.application; includeInIndex = 0; path = SwiftUITextbookChapter5.app; sourceTree = BUILT_PRODUCTS_DIR; };
		FDB5F41E2463EB42008709AE /* AppDelegate.swift */ = {isa = PBXFileReference; lastKnownFileType = sourcecode.swift; path = AppDelegate.swift; sourceTree = "<group>"; };
		FDB5F4202463EB43008709AE /* SceneDelegate.swift */ = {isa = PBXFileReference; lastKnownFileType = sourcecode.swift; path = SceneDelegate.swift; sourceTree = "<group>"; };
		FDB5F4222463EB43008709AE /* ContentView.swift */ = {isa = PBXFileReference; lastKnownFileType = sourcecode.swift; path = ContentView.swift; sourceTree = "<group>"; };
		FDB5F4242463EB49008709AE /* Assets.xcassets */ = {isa = PBXFileReference; lastKnownFileType = folder.assetcatalog; path = Assets.xcassets; sourceTree = "<group>"; };
		FDB5F4272463EB49008709AE /* Preview Assets.xcassets */ = {isa = PBXFileReference; lastKnownFileType = folder.assetcatalog; path = "Preview Assets.xcassets"; sourceTree = "<group>"; };
		FDB5F42A2463EB49008709AE /* Base */ = {isa = PBXFileReference; lastKnownFileType = file.storyboard; name = Base; path = Base.lproj/LaunchScreen.storyboard; sourceTree = "<group>"; };
		FDB5F42C2463EB49008709AE /* Info.plist */ = {isa = PBXFileReference; lastKnownFileType = text.plist.xml; path = Info.plist; sourceTree = "<group>"; };
		FDB5F43224654640008709AE /* Section2.swift */ = {isa = PBXFileReference; lastKnownFileType = sourcecode.swift; path = Section2.swift; sourceTree = "<group>"; };
/* End PBXFileReference section */

/* Begin PBXFrameworksBuildPhase section */
		FDB5F4182463EB42008709AE /* Frameworks */ = {
			isa = PBXFrameworksBuildPhase;
			buildActionMask = 2147483647;
			files = (
			);
			runOnlyForDeploymentPostprocessing = 0;
		};
/* End PBXFrameworksBuildPhase section */

/* Begin PBXGroup section */
		FDB5F4122463EB42008709AE = {
			isa = PBXGroup;
			children = (
				FDB5F43224654640008709AE /* Section2.swift */,
				FDB5F41D2463EB42008709AE /* SwiftUITextbookChapter5 */,
				FDB5F41C2463EB42008709AE /* Products */,
			);
			sourceTree = "<group>";
		};
		FDB5F41C2463EB42008709AE /* Products */ = {
			isa = PBXGroup;
			children = (
				FDB5F41B2463EB42008709AE /* SwiftUITextbookChapter5.app */,
			);
			name = Products;
			sourceTree = "<group>";
		};
		FDB5F41D2463EB42008709AE /* SwiftUITextbookChapter5 */ = {
			isa = PBXGroup;
			children = (
				FDB5F41E2463EB42008709AE /* AppDelegate.swift */,
				FDB5F4202463EB43008709AE /* SceneDelegate.swift */,
				FDB5F4222463EB43008709AE /* ContentView.swift */,
				FDB5F4242463EB49008709AE /* Assets.xcassets */,
				FDB5F4292463EB49008709AE /* LaunchScreen.storyboard */,
				FDB5F42C2463EB49008709AE /* Info.plist */,
				FDB5F4262463EB49008709AE /* Preview Content */,
			);
			path = SwiftUITextbookChapter5;
			sourceTree = "<group>";
		};
		FDB5F4262463EB49008709AE /* Preview Content */ = {
			isa = PBXGroup;
			children = (
				FDB5F4272463EB49008709AE /* Preview Assets.xcassets */,
			);
			path = "Preview Content";
			sourceTree = "<group>";
		};
/* End PBXGroup section */

/* Begin PBXNativeTarget section */
		FDB5F41A2463EB42008709AE /* SwiftUITextbookChapter5 */ = {
			isa = PBXNativeTarget;
			buildConfigurationList = FDB5F42F2463EB49008709AE /* Build configuration list for PBXNativeTarget "SwiftUITextbookChapter5" */;
			buildPhases = (
				FDB5F4172463EB42008709AE /* Sources */,
				FDB5F4182463EB42008709AE /* Frameworks */,
				FDB5F4192463EB42008709AE /* Resources */,
			);
			buildRules = (
			);
			dependencies = (
			);
			name = SwiftUITextbookChapter5;
			productName = SwiftUITextbookChapter5;
			productReference = FDB5F41B2463EB42008709AE /* SwiftUITextbookChapter5.app */;
			productType = "com.apple.product-type.application";
		};
/* End PBXNativeTarget section */

/* Begin PBXProject section */
		FDB5F4132463EB42008709AE /* Project object */ = {
			isa = PBXProject;
			attributes = {
				LastSwiftUpdateCheck = 1130;
				LastUpgradeCheck = 1130;
				ORGANIZATIONNAME = "Swift-beginners";
				TargetAttributes = {
					FDB5F41A2463EB42008709AE = {
						CreatedOnToolsVersion = 11.3;
					};
				};
			};
			buildConfigurationList = FDB5F4162463EB42008709AE /* Build configuration list for PBXProject "SwiftUITextbookChapter5" */;
			compatibilityVersion = "Xcode 9.3";
			developmentRegion = en;
			hasScannedForEncodings = 0;
			knownRegions = (
				en,
				Base,
			);
			mainGroup = FDB5F4122463EB42008709AE;
			productRefGroup = FDB5F41C2463EB42008709AE /* Products */;
			projectDirPath = "";
			projectRoot = "";
			targets = (
				FDB5F41A2463EB42008709AE /* SwiftUITextbookChapter5 */,
			);
		};
/* End PBXProject section */

/* Begin PBXResourcesBuildPhase section */
		FDB5F4192463EB42008709AE /* Resources */ = {
			isa = PBXResourcesBuildPhase;
			buildActionMask = 2147483647;
			files = (
				FDB5F42B2463EB49008709AE /* LaunchScreen.storyboard in Resources */,
				FDB5F4282463EB49008709AE /* Preview Assets.xcassets in Resources */,
				FDB5F4252463EB49008709AE /* Assets.xcassets in Resources */,
			);
			runOnlyForDeploymentPostprocessing = 0;
		};
/* End PBXResourcesBuildPhase section */

/* Begin PBXSourcesBuildPhase section */
		FDB5F4172463EB42008709AE /* Sources */ = {
			isa = PBXSourcesBuildPhase;
			buildActionMask = 2147483647;
			files = (
				FDB5F43324654640008709AE /* Section2.swift in Sources */,
				FDB5F41F2463EB43008709AE /* AppDelegate.swift in Sources */,
				FDB5F4212463EB43008709AE /* SceneDelegate.swift in Sources */,
				FDB5F4232463EB43008709AE /* ContentView.swift in Sources */,
			);
			runOnlyForDeploymentPostprocessing = 0;
		};
/* End PBXSourcesBuildPhase section */

/* Begin PBXVariantGroup section */
		FDB5F4292463EB49008709AE /* LaunchScreen.storyboard */ = {
			isa = PBXVariantGroup;
			children = (
				FDB5F42A2463EB49008709AE /* Base */,
			);
			name = LaunchScreen.storyboard;
			sourceTree = "<group>";
		};
/* End PBXVariantGroup section */

/* Begin XCBuildConfiguration section */
		FDB5F42D2463EB49008709AE /* Debug */ = {
			isa = XCBuildConfiguration;
			buildSettings = {
				ALWAYS_SEARCH_USER_PATHS = NO;
				CLANG_ANALYZER_NONNULL = YES;
				CLANG_ANALYZER_NUMBER_OBJECT_CONVERSION = YES_AGGRESSIVE;
				CLANG_CXX_LANGUAGE_STANDARD = "gnu++14";
				CLANG_CXX_LIBRARY = "libc++";
				CLANG_ENABLE_MODULES = YES;
				CLANG_ENABLE_OBJC_ARC = YES;
				CLANG_ENABLE_OBJC_WEAK = YES;
				CLANG_WARN_BLOCK_CAPTURE_AUTORELEASING = YES;
				CLANG_WARN_BOOL_CONVERSION = YES;
				CLANG_WARN_COMMA = YES;
				CLANG_WARN_CONSTANT_CONVERSION = YES;
				CLANG_WARN_DEPRECATED_OBJC_IMPLEMENTATIONS = YES;
				CLANG_WARN_DIRECT_OBJC_ISA_USAGE = YES_ERROR;
				CLANG_WARN_DOCUMENTATION_COMMENTS = YES;
				CLANG_WARN_EMPTY_BODY = YES;
				CLANG_WARN_ENUM_CONVERSION = YES;
				CLANG_WARN_INFINITE_RECURSION = YES;
				CLANG_WARN_INT_CONVERSION = YES;
				CLANG_WARN_NON_LITERAL_NULL_CONVERSION = YES;
				CLANG_WARN_OBJC_IMPLICIT_RETAIN_SELF = YES;
				CLANG_WARN_OBJC_LITERAL_CONVERSION = YES;
				CLANG_WARN_OBJC_ROOT_CLASS = YES_ERROR;
				CLANG_WARN_RANGE_LOOP_ANALYSIS = YES;
				CLANG_WARN_STRICT_PROTOTYPES = YES;
				CLANG_WARN_SUSPICIOUS_MOVE = YES;
				CLANG_WARN_UNGUARDED_AVAILABILITY = YES_AGGRESSIVE;
				CLANG_WARN_UNREACHABLE_CODE = YES;
				CLANG_WARN__DUPLICATE_METHOD_MATCH = YES;
				COPY_PHASE_STRIP = NO;
				DEBUG_INFORMATION_FORMAT = dwarf;
				ENABLE_STRICT_OBJC_MSGSEND = YES;
				ENABLE_TESTABILITY = YES;
				GCC_C_LANGUAGE_STANDARD = gnu11;
				GCC_DYNAMIC_NO_PIC = NO;
				GCC_NO_COMMON_BLOCKS = YES;
				GCC_OPTIMIZATION_LEVEL = 0;
				GCC_PREPROCESSOR_DEFINITIONS = (
					"DEBUG=1",
					"$(inherited)",
				);
				GCC_WARN_64_TO_32_BIT_CONVERSION = YES;
				GCC_WARN_ABOUT_RETURN_TYPE = YES_ERROR;
				GCC_WARN_UNDECLARED_SELECTOR = YES;
				GCC_WARN_UNINITIALIZED_AUTOS = YES_AGGRESSIVE;
				GCC_WARN_UNUSED_FUNCTION = YES;
				GCC_WARN_UNUSED_VARIABLE = YES;
				IPHONEOS_DEPLOYMENT_TARGET = 13.2;
				MTL_ENABLE_DEBUG_INFO = INCLUDE_SOURCE;
				MTL_FAST_MATH = YES;
				ONLY_ACTIVE_ARCH = YES;
				SDKROOT = iphoneos;
				SWIFT_ACTIVE_COMPILATION_CONDITIONS = DEBUG;
				SWIFT_OPTIMIZATION_LEVEL = "-Onone";
			};
			name = Debug;
		};
		FDB5F42E2463EB49008709AE /* Release */ = {
			isa = XCBuildConfiguration;
			buildSettings = {
				ALWAYS_SEARCH_USER_PATHS = NO;
				CLANG_ANALYZER_NONNULL = YES;
				CLANG_ANALYZER_NUMBER_OBJECT_CONVERSION = YES_AGGRESSIVE;
				CLANG_CXX_LANGUAGE_STANDARD = "gnu++14";
				CLANG_CXX_LIBRARY = "libc++";
				CLANG_ENABLE_MODULES = YES;
				CLANG_ENABLE_OBJC_ARC = YES;
				CLANG_ENABLE_OBJC_WEAK = YES;
				CLANG_WARN_BLOCK_CAPTURE_AUTORELEASING = YES;
				CLANG_WARN_BOOL_CONVERSION = YES;
				CLANG_WARN_COMMA = YES;
				CLANG_WARN_CONSTANT_CONVERSION = YES;
				CLANG_WARN_DEPRECATED_OBJC_IMPLEMENTATIONS = YES;
				CLANG_WARN_DIRECT_OBJC_ISA_USAGE = YES_ERROR;
				CLANG_WARN_DOCUMENTATION_COMMENTS = YES;
				CLANG_WARN_EMPTY_BODY = YES;
				CLANG_WARN_ENUM_CONVERSION = YES;
				CLANG_WARN_INFINITE_RECURSION = YES;
				CLANG_WARN_INT_CONVERSION = YES;
				CLANG_WARN_NON_LITERAL_NULL_CONVERSION = YES;
				CLANG_WARN_OBJC_IMPLICIT_RETAIN_SELF = YES;
				CLANG_WARN_OBJC_LITERAL_CONVERSION = YES;
				CLANG_WARN_OBJC_ROOT_CLASS = YES_ERROR;
				CLANG_WARN_RANGE_LOOP_ANALYSIS = YES;
				CLANG_WARN_STRICT_PROTOTYPES = YES;
				CLANG_WARN_SUSPICIOUS_MOVE = YES;
				CLANG_WARN_UNGUARDED_AVAILABILITY = YES_AGGRESSIVE;
				CLANG_WARN_UNREACHABLE_CODE = YES;
				CLANG_WARN__DUPLICATE_METHOD_MATCH = YES;
				COPY_PHASE_STRIP = NO;
				DEBUG_INFORMATION_FORMAT = "dwarf-with-dsym";
				ENABLE_NS_ASSERTIONS = NO;
				ENABLE_STRICT_OBJC_MSGSEND = YES;
				GCC_C_LANGUAGE_STANDARD = gnu11;
				GCC_NO_COMMON_BLOCKS = YES;
				GCC_WARN_64_TO_32_BIT_CONVERSION = YES;
				GCC_WARN_ABOUT_RETURN_TYPE = YES_ERROR;
				GCC_WARN_UNDECLARED_SELECTOR = YES;
				GCC_WARN_UNINITIALIZED_AUTOS = YES_AGGRESSIVE;
				GCC_WARN_UNUSED_FUNCTION = YES;
				GCC_WARN_UNUSED_VARIABLE = YES;
				IPHONEOS_DEPLOYMENT_TARGET = 13.2;
				MTL_ENABLE_DEBUG_INFO = NO;
				MTL_FAST_MATH = YES;
				SDKROOT = iphoneos;
				SWIFT_COMPILATION_MODE = wholemodule;
				SWIFT_OPTIMIZATION_LEVEL = "-O";
				VALIDATE_PRODUCT = YES;
			};
			name = Release;
		};
		FDB5F4302463EB49008709AE /* Debug */ = {
			isa = XCBuildConfiguration;
			buildSettings = {
				ASSETCATALOG_COMPILER_APPICON_NAME = AppIcon;
				CODE_SIGN_STYLE = Automatic;
				DEVELOPMENT_ASSET_PATHS = "\"SwiftUITextbookChapter5/Preview Content\"";
				DEVELOPMENT_TEAM = 8DJ3WL36QU;
				ENABLE_PREVIEWS = YES;
				INFOPLIST_FILE = SwiftUITextbookChapter5/Info.plist;
				LD_RUNPATH_SEARCH_PATHS = (
					"$(inherited)",
					"@executable_path/Frameworks",
				);
				PRODUCT_BUNDLE_IDENTIFIER = "Swift-beginners2.SwiftUITextbookChapter5";
				PRODUCT_NAME = "$(TARGET_NAME)";
				SWIFT_VERSION = 5.0;
				TARGETED_DEVICE_FAMILY = "1,2";
			};
			name = Debug;
		};
		FDB5F4312463EB49008709AE /* Release */ = {
			isa = XCBuildConfiguration;
			buildSettings = {
				ASSETCATALOG_COMPILER_APPICON_NAME = AppIcon;
				CODE_SIGN_STYLE = Automatic;
				DEVELOPMENT_ASSET_PATHS = "\"SwiftUITextbookChapter5/Preview Content\"";
				DEVELOPMENT_TEAM = 8DJ3WL36QU;
				ENABLE_PREVIEWS = YES;
				INFOPLIST_FILE = SwiftUITextbookChapter5/Info.plist;
				LD_RUNPATH_SEARCH_PATHS = (
					"$(inherited)",
					"@executable_path/Frameworks",
				);
				PRODUCT_BUNDLE_IDENTIFIER = "Swift-beginners2.SwiftUITextbookChapter5";
				PRODUCT_NAME = "$(TARGET_NAME)";
				SWIFT_VERSION = 5.0;
				TARGETED_DEVICE_FAMILY = "1,2";
			};
			name = Release;
		};
/* End XCBuildConfiguration section */

/* Begin XCConfigurationList section */
		FDB5F4162463EB42008709AE /* Build configuration list for PBXProject "SwiftUITextbookChapter5" */ = {
			isa = XCConfigurationList;
			buildConfigurations = (
				FDB5F42D2463EB49008709AE /* Debug */,
				FDB5F42E2463EB49008709AE /* Release */,
			);
			defaultConfigurationIsVisible = 0;
			defaultConfigurationName = Release;
		};
		FDB5F42F2463EB49008709AE /* Build configuration list for PBXNativeTarget "SwiftUITextbookChapter5" */ = {
			isa = XCConfigurationList;
			buildConfigurations = (
				FDB5F4302463EB49008709AE /* Debug */,
				FDB5F4312463EB49008709AE /* Release */,
			);
			defaultConfigurationIsVisible = 0;
			defaultConfigurationName = Release;
		};
/* End XCConfigurationList section */
	};
	rootObject = FDB5F4132463EB42008709AE /* Project object */;
}
